
Microsoft Visual Studio Solution File, Format Version 12.00
# Visual Studio 2012
Project("{FAE04EC0-301F-11D3-BF4B-00C04F79EFBC}") = "PokemonStore", "PokemonStore\PokemonStore.csproj", "{E96EB834-CE9F-434E-8CF5-7F4E8143F83C}"
EndProject
Project("{FAE04EC0-301F-11D3-BF4B-00C04F79EFBC}") = "PokemonStore.Domain", "PokemonStore.Domain\PokemonStore.Domain.csproj", "{7D6C3EE6-2102-4EAB-BE0C-8946FC144AAB}"
EndProject
Global
	GlobalSection(SolutionConfigurationPlatforms) = preSolution
		Debug|Any CPU = Debug|Any CPU
		Release|Any CPU = Release|Any CPU
	EndGlobalSection
	GlobalSection(ProjectConfigurationPlatforms) = postSolution
		{E96EB834-CE9F-434E-8CF5-7F4E8143F83C}.Debug|Any CPU.ActiveCfg = Debug|Any CPU
		{E96EB834-CE9F-434E-8CF5-7F4E8143F83C}.Debug|Any CPU.Build.0 = Debug|Any CPU
		{E96EB834-CE9F-434E-8CF5-7F4E8143F83C}.Release|Any CPU.ActiveCfg = Release|Any CPU
		{E96EB834-CE9F-434E-8CF5-7F4E8143F83C}.Release|Any CPU.Build.0 = Release|Any CPU
		{7D6C3EE6-2102-4EAB-BE0C-8946FC144AAB}.Debug|Any CPU.ActiveCfg = Debug|Any CPU
		{7D6C3EE6-2102-4EAB-BE0C-8946FC144AAB}.Debug|Any CPU.Build.0 = Debug|Any CPU
		{7D6C3EE6-2102-4EAB-BE0C-8946FC144AAB}.Release|Any CPU.ActiveCfg = Release|Any CPU
		{7D6C3EE6-2102-4EAB-BE0C-8946FC144AAB}.Release|Any CPU.Build.0 = Release|Any CPU
	EndGlobalSection
	GlobalSection(SolutionProperties) = preSolution
		HideSolutionNode = FALSE
	EndGlobalSection
EndGlobal
